{
  "version": 3,
  "targets": {
    "net6.0": {
      "Newtonsoft.Json/13.0.3": {
        "type": "package",
        "compile": {
          "lib/net6.0/Newtonsoft.Json.dll": {
            "related": ".xml"
          }
        },
        "runtime": {
          "lib/net6.0/Newtonsoft.Json.dll": {
            "related": ".xml"
          }
        }
      },
      "SonarAnalyzer.CSharp/9.5.0.73987": {
        "type": "package"
      }
    }
  },
  "libraries": {
    "Newtonsoft.Json/13.0.3": {
      "sha512": "HrC5BXdl00IP9zeV+0Z848QWPAoCr9P3bDEZguI+gkLcBKAOxix/tLEAAHC+UvDNPv4a2d18lOReHMOagPa+zQ==",
      "type": "package",
      "path": "newtonsoft.json/13.0.3",
      "files": [
        ".nupkg.metadata",
        ".signature.p7s",
        "LICENSE.md",
        "README.md",
        "lib/net20/Newtonsoft.Json.dll",
        "lib/net20/Newtonsoft.Json.xml",
        "lib/net35/Newtonsoft.Json.dll",
        "lib/net35/Newtonsoft.Json.xml",
        "lib/net40/Newtonsoft.Json.dll",
        "lib/net40/Newtonsoft.Json.xml",
        "lib/net45/Newtonsoft.Json.dll",
        "lib/net45/Newtonsoft.Json.xml",
        "lib/net6.0/Newtonsoft.Json.dll",
        "lib/net6.0/Newtonsoft.Json.xml",
        "lib/netstandard1.0/Newtonsoft.Json.dll",
        "lib/netstandard1.0/Newtonsoft.Json.xml",
        "lib/netstandard1.3/Newtonsoft.Json.dll",
        "lib/netstandard1.3/Newtonsoft.Json.xml",
        "lib/netstandard2.0/Newtonsoft.Json.dll",
        "lib/netstandard2.0/Newtonsoft.Json.xml",
        "newtonsoft.json.13.0.3.nupkg.sha512",
        "newtonsoft.json.nuspec",
        "packageIcon.png"
      ]
    },
    "SonarAnalyzer.CSharp/9.5.0.73987": {
      "sha512": "gmcKNWJ7kZqERbOcMnwyGtflOz5LhLwN17bPvs7AUqy8np8pdlFhDNKYmhuhfnFo0lRctLbS2Fr6HJM9QPsymw==",
      "type": "package",
      "path": "sonaranalyzer.csharp/9.5.0.73987",
      "hasTools": true,
      "files": [
        ".nupkg.metadata",
        ".signature.p7s",
        "analyzers/Google.Protobuf.dll",
        "analyzers/SonarAnalyzer.CFG.dll",
        "analyzers/SonarAnalyzer.CSharp.dll",
        "analyzers/SonarAnalyzer.dll",
        "images/sonarsource_64.png",
        "license/THIRD-PARTY-NOTICES.txt",
        "sonaranalyzer.csharp.9.5.0.73987.nupkg.sha512",
        "sonaranalyzer.csharp.nuspec",
        "tools/install.ps1",
        "tools/uninstall.ps1"
      ]
    }
  },
  "projectFileDependencyGroups": {
    "net6.0": [
      "Newtonsoft.Json >= 13.0.3",
      "SonarAnalyzer.CSharp >= 9.5.0.73987"
    ]
  },
  "packageFolders": {
    "": {}
  },
  "project": {
    "version": "1.0.0",
    "restore": {
      "projectUniqueName": "",
      "projectName": "ProjectAssets",
      "projectPath": "",
      "packagesPath": "",
      "outputPath": "",
      "projectStyle": "PackageReference",
      "configFilePaths": [
        "",
        ""
      ],
      "originalTargetFrameworks": [
        "net6.0"
      ],
      "sources": {
        "C:\\Program Files (x86)\\Microsoft SDKs\\NuGetPackages\\": {},
        "https://api.nuget.org/v3/index.json": {}
      },
      "frameworks": {
        "net6.0": {
          "targetAlias": "net6.0",
          "projectReferences": {}
        }
      },
      "warningProperties": {
        "warnAsError": [
          "NU1605"
        ]
      }
    },
    "frameworks": {
      "net6.0": {
        "targetAlias": "net6.0",
        "dependencies": {
          "Newtonsoft.Json": {
            "target": "Package",
            "version": "[13.0.3, )"
          },
          "SonarAnalyzer.CSharp": {
            "include": "Runtime, Build, Native, ContentFiles, Analyzers, BuildTransitive",
            "suppressParent": "All",
            "target": "Package",
            "version": "[9.5.0.73987, )"
          }
        },
        "imports": [
          "net461",
          "net462",
          "net47",
          "net471",
          "net472",
          "net48",
          "net481"
        ],
        "assetTargetFallback": true,
        "warn": true,
        "frameworkReferences": {
          "Microsoft.NETCore.App": {
            "privateAssets": "all"
          }
        },
        "runtimeIdentifierGraphPath": "C:\\Program Files\\dotnet\\sdk\\7.0.202\\RuntimeIdentifierGraph.json"
      }
    }
  }
}