{
  "name": "clearingtest",
  "version": "0.0.0",
  "lockfileVersion": 1,
  "requires": true,
  "dependencies": {
    "@angular-devkit/architect": {
      "version": "0.901.10",
      "resolved": "https://testserver/artifactory/api/npm/energy-dev-npm/@angular-devkit/architect/-/architect-0.901.10.tgz",
      "integrity": "sha1-RtiWEkvtkN9x4G0E1hDZ0dnE8kk=",
      "dev": true,
      "requires": {
        "@angular-devkit/core": "9.1.10",
        "rxjs": "6.5.4"
      },
      "dependencies": {
        "rxjs": {
          "version": "6.5.4",
          "resolved": "https://testserver/artifactory/api/npm/energy-dev-npm/rxjs/-/rxjs-6.5.4.tgz",
          "integrity": "sha1-4Hd/4NGEzseHLfFH8wNXLUFOIRw=",
          "dev": true,
          "requires": {
            "tslib": "^1.9.0"
          }
        }
      }
    },
    "@angular-devkit/build-angular": {
      "version": "0.901.10",
      "resolved": "https://testserver/artifactory/api/npm/energy-dev-npm/@angular-devkit/build-angular/-/build-angular-0.901.10.tgz",
      "integrity": "sha1-EQfAkBm4Seloc96XZNdqa1yC6wk=",
      "dev": true,
      "requires": {
        "@angular-devkit/architect": "0.901.10",
        "@angular-devkit/build-optimizer": "0.901.10",
        "@angular-devkit/build-webpack": "0.901.10",
        "@angular-devkit/core": "9.1.10",
        "@babel/core": "7.9.0",
        "@babel/generator": "7.9.3",
        "@babel/preset-env": "7.9.0",
        "@babel/template": "7.8.6",
        "@jsdevtools/coverage-istanbul-loader": "3.0.3",
        "@ngtools/webpack": "9.1.10",
        "ajv": "6.12.0",
        "autoprefixer": "9.7.4",
        "babel-loader": "8.0.6",
        "browserslist": "^4.9.1",
        "cacache": "15.0.0",
        "caniuse-lite": "^1.0.30001032",
        "circular-dependency-plugin": "5.2.0",
        "copy-webpack-plugin": "6.0.3",
        "core-js": "3.6.4",
        "css-loader": "3.5.1",
        "cssnano": "4.1.10",
        "file-loader": "6.0.0",
        "find-cache-dir": "3.3.1",
        "glob": "7.1.6",
        "jest-worker": "25.1.0",
        "karma-source-map-support": "1.4.0",
        "less": "3.11.3",
        "less-loader": "5.0.0",
        "license-webpack-plugin": "2.1.4",
        "loader-utils": "2.0.0",
        "mini-css-extract-plugin": "0.9.0",
        "minimatch": "3.0.4",
        "open": "7.0.3",
        "parse5": "4.0.0",
        "postcss": "7.0.27",
        "postcss-import": "12.0.1",
        "postcss-loader": "3.0.0",
        "raw-loader": "4.0.0",
        "regenerator-runtime": "0.13.5",
        "rimraf": "3.0.2",
        "rollup": "2.1.0",
        "rxjs": "6.5.4",
        "sass": "1.26.3",
        "sass-loader": "8.0.2",
        "semver": "7.1.3",
        "source-map": "0.7.3",
        "source-map-loader": "0.2.4",
        "speed-measure-webpack-plugin": "1.3.1",
        "style-loader": "1.1.3",
        "stylus": "0.54.7",
        "stylus-loader": "3.0.2",
        "terser": "4.6.10",
        "terser-webpack-plugin": "3.0.3",
        "tree-kill": "1.2.2",
        "webpack": "4.42.0",
        "webpack-dev-middleware": "3.7.2",
        "webpack-dev-server": "3.11.0",
        "webpack-merge": "4.2.2",
        "webpack-sources": "1.4.3",
        "webpack-subresource-integrity": "1.4.0",
        "worker-plugin": "4.0.3"
      },
      "dependencies": {
        "rxjs": {
          "version": "6.5.4",
          "resolved": "https://testserver/artifactory/api/npm/energy-dev-npm/rxjs/-/rxjs-6.5.4.tgz",
          "integrity": "sha1-4Hd/4NGEzseHLfFH8wNXLUFOIRw=",
          "dev": true,
          "requires": {
            "tslib": "^1.9.0"
          }
        }
      }
    },
    "@angular-devkit/build-optimizer": {
      "version": "0.901.10",
      "resolved": "https://testserver/artifactory/api/npm/energy-dev-npm/@angular-devkit/build-optimizer/-/build-optimizer-0.901.10.tgz",
      "integrity": "sha1-XmFjtPehu235eT4KHJzNr1sMyLg=",
      "dev": true,
      "requires": {
        "loader-utils": "2.0.0",
        "source-map": "0.7.3",
        "tslib": "1.11.1",
        "typescript": "3.6.5",
        "webpack-sources": "1.4.3"
      },
      "dependencies": {
        "tslib": {
          "version": "1.11.1",
          "resolved": "https://testserver/artifactory/api/npm/energy-dev-npm/tslib/-/tslib-1.11.1.tgz",
          "integrity": "sha1-6xXRKIJ/vuKEFUnhcfRe0zisfjU=",
          "dev": true
        },
        "typescript": {
          "version": "3.6.5",
          "resolved": "https://testserver/artifactory/api/npm/energy-dev-npm/typescript/-/typescript-3.6.5.tgz",
          "integrity": "sha1-2uIBFKe0/0vWQtucjGmfKVPou9s=",
          "dev": true
        }
      }
    }
  }
}
