{
  "name": "clearingtest",
  "version": "0.0.0",
  "lockfileVersion": 1,
  "requires": true,
  "dependencies": {
    "@angular/common": {
      "version": "9.1.12",
      "resolved": "https://testserver/artifactory/api/npm/energy-dev-npm/@angular/common/-/common-9.1.12.tgz",
      "integrity": "sha1-cxcB+uY66OLuLOAOfVH0WOzQDHw="
    },
    "rxjs": {
      "version": "6.5.5",
      "resolved": "https://testserver/artifactory/api/npm/energy-dev-npm/rxjs/-/rxjs-6.5.5.tgz",
      "integrity": "sha1-xciE4wlMjP7jG/J+uH5UzPyH+ew=",
      "requires": {
        "tslib": "^1.9.0"
      }
    }, 
    "tslib": {
      "version": "1.13.0",
      "resolved": "https://testserver/artifactory/api/npm/energy-dev-npm/tslib-1.13.0.tgz",
      "integrity": "sha1-yIHhPMcBWJTtkUhi0nZDb6mkcEM="
    },
    "zone.js": {
      "version": "0.10.3",
      "resolved": "https://testserver/artifactory/api/npm/energy-dev-npm/zone.js/-/zone.js-0.10.3.tgz",
      "integrity": "sha1-Pl5NoDxgfJ3NkuN901aHoUoUDBY="
    }
  }
}
