{
  "name": "ssep",
  "version": "0.1.0",
  "lockfileVersion": 1,
  "requires": true,
  "dependencies": {
    "UiBuildingBlocks": {
      "version": "1.0.82",
      "resolved": "https://testserver/artifactory/api/npm/energy-dev-npm/UiBuildingBlocks/-/UiBuildingBlocks-1.0.82.tgz",
      "integrity": "sha1-QyV3dFzk//uPNkbB9WIPpPLa2R4=",
      "requires": {
        "gettext": "0.0.8",
        "requirejs": "^2.3.5"
      }
    },
    "gettext": {
      "version": "0.0.8",
      "resolved": "https://testserver/artifactory/api/npm/energy-dev-npm/gettext/-/gettext-0.0.8.tgz",
      "integrity": "sha1-9mZZLeGExCWoJE9OxDqytWhbMmc="
    },
    "requirejs": {
      "version": "2.3.6",
      "resolved": "https://testserver/artifactory/api/npm/energy-dev-npm/requirejs/-/requirejs-2.3.6.tgz",
      "integrity": "sha1-5Qk9lgHCgpJRJYwLlEXU0Z+p58k="
    },
    "charts": {
      "version": "1.0.2",
      "resolved": "https://testserver/artifactory/api/npm/energy-dev-npm/charts/-/charts-1.0.2.tgz",
      "integrity": "sha1-8LDrToBhpGcExxQkI3dGhup5zQ4="
    }
  }
}
