# This file is automatically @generated by Poetry 2.x and should not be changed by hand.

[[package]]
name = "requests"
version = "2.31.0"
description = "Python HTTP for Humans."
groups = ["main"]
optional = false
python-versions = ">=3.7"
files = [
    {file = "requests-2.31.0.tar.gz", hash = "sha256:942c5a758f98d790eaed1a29cb6eefc7f0edf3fcb0fce8aea3fbd5951d270976"},
]

[package.dependencies]
urllib3 = ">=1.21.1"

[[package]]
name = "urllib3"
version = "2.0.4"
description = "HTTP library with thread-safe connection pooling"
groups = ["main"]
optional = false
python-versions = ">=3.7"
files = [
    {file = "urllib3-2.0.4.tar.gz", hash = "sha256:8d22f86aae8ef5e410d4f539fde9ce6b2113a001bb4d189e0aedd7fa6b951c55"},
]

[[package]]
name = "pytest"
version = "7.4.0"
description = "pytest: simple powerful testing with Python"
groups = ["dev"]
optional = false
python-versions = ">=3.7"
files = [
    {file = "pytest-7.4.0.tar.gz", hash = "sha256:b4bf8c45bd334f4f67ee6df89bb241f7c8c97e44ed3f4695b5a3c3e608b0e5a5"},
]

[[package]]
name = "coverage"
version = "7.3.0"
description = "Code coverage measurement for Python"
groups = ["main", "dev"]
optional = false
python-versions = ">=3.8"
files = [
    {file = "coverage-7.3.0.tar.gz", hash = "sha256:49dbb19cdcafc130f597d9e04a29d0a032ceedf729e41b181f51850bc7f81a45"},
]

[[package]]
name = "sphinx"
version = "7.2.0"
description = "Python documentation generator"
groups = ["docs"]
optional = false
python-versions = ">=3.9"
files = [
    {file = "sphinx-7.2.0.tar.gz", hash = "sha256:0eae3456fbe7ab2ecf3859ccfa3f62b31e30234b5bdf80dc51c42dc43e95b833"},
]

[metadata]
lock-version = "2.0"
python-versions = "^3.11"
content-hash = "a1b2c3d4e5f6poetry2xgroups"